
Microsoft Visual Studio Solution File, Format Version 12.00
# Visual Studio Version 17
VisualStudioVersion = 17.11.35312.102
MinimumVisualStudioVersion = 10.0.40219.1
Project("{FAE04EC0-301F-11D3-BF4B-00C04F79EFBC}") = "Calculator", "Calculator\Calculator.csproj", "{0502C17F-5C4C-41EE-9E9C-E157B4367300}"
EndProject
Project("{FAE04EC0-301F-11D3-BF4B-00C04F79EFBC}") = "TestCalculator", "TestCalculator\TestCalculator.csproj", "{CD45204C-C69D-4552-A711-3C4502E792F6}"
EndProject
Global
	GlobalSection(SolutionConfigurationPlatforms) = preSolution
		Debug|Any CPU = Debug|Any CPU
		Release|Any CPU = Release|Any CPU
	EndGlobalSection
	GlobalSection(ProjectConfigurationPlatforms) = postSolution
		{0502C17F-5C4C-41EE-9E9C-E157B4367300}.Debug|Any CPU.ActiveCfg = Debug|Any CPU
		{0502C17F-5C4C-41EE-9E9C-E157B4367300}.Debug|Any CPU.Build.0 = Debug|Any CPU
		{0502C17F-5C4C-41EE-9E9C-E157B4367300}.Release|Any CPU.ActiveCfg = Release|Any CPU
		{0502C17F-5C4C-41EE-9E9C-E157B4367300}.Release|Any CPU.Build.0 = Release|Any CPU
		{CD45204C-C69D-4552-A711-3C4502E792F6}.Debug|Any CPU.ActiveCfg = Debug|Any CPU
		{CD45204C-C69D-4552-A711-3C4502E792F6}.Debug|Any CPU.Build.0 = Debug|Any CPU
		{CD45204C-C69D-4552-A711-3C4502E792F6}.Release|Any CPU.ActiveCfg = Release|Any CPU
		{CD45204C-C69D-4552-A711-3C4502E792F6}.Release|Any CPU.Build.0 = Release|Any CPU
	EndGlobalSection
	GlobalSection(SolutionProperties) = preSolution
		HideSolutionNode = FALSE
	EndGlobalSection
	GlobalSection(ExtensibilityGlobals) = postSolution
		SolutionGuid = {B424BC33-76A5-4FC3-874D-709C5D13E16D}
	EndGlobalSection
EndGlobal
